
Microsoft Visual Studio Solution File, Format Version 12.00
# Visual Studio Version 16
VisualStudioVersion = 16.0.31229.75
MinimumVisualStudioVersion = 10.0.40219.1
Project("{FAE04EC0-301F-11D3-BF4B-00C04F79EFBC}") = "OnlineVirtualCookingSchool", "OnlineVirtualCookingSchool.csproj", "{34F0070E-84B7-4DBF-B457-B71F4553517E}"
EndProject
Global
	GlobalSection(SolutionConfigurationPlatforms) = preSolution
		Debug|Any CPU = Debug|Any CPU
		Release|Any CPU = Release|Any CPU
	EndGlobalSection
	GlobalSection(ProjectConfigurationPlatforms) = postSolution
		{34F0070E-84B7-4DBF-B457-B71F4553517E}.Debug|Any CPU.ActiveCfg = Debug|Any CPU
		{34F0070E-84B7-4DBF-B457-B71F4553517E}.Debug|Any CPU.Build.0 = Debug|Any CPU
		{34F0070E-84B7-4DBF-B457-B71F4553517E}.Release|Any CPU.ActiveCfg = Release|Any CPU
		{34F0070E-84B7-4DBF-B457-B71F4553517E}.Release|Any CPU.Build.0 = Release|Any CPU
	EndGlobalSection
	GlobalSection(SolutionProperties) = preSolution
		HideSolutionNode = FALSE
	EndGlobalSection
	GlobalSection(ExtensibilityGlobals) = postSolution
		SolutionGuid = {E03D98A0-D640-4AAA-B0B5-DC8585AAFA2F}
	EndGlobalSection
EndGlobal
